{
    "version": 3,
    "terraform_version": "0.8.4",
    "serial": 29,
    "lineage": "3d904244-80d2-4623-b454-6fec33ef8318",
    "modules": [
        {
            "path": [
                "root"
            ],
            "outputs": {
                "state_bucket_arn": {
                    "sensitive": false,
                    "type": "string",
                    "value": "arn:aws:s3:::xpenses.tfstate"
                },
                "state_bucket_id": {
                    "sensitive": false,
                    "type": "string",
                    "value": "xpenses.tfstate"
                },
                "xpenses_host.public_ip": {
                    "sensitive": false,
                    "type": "string",
                    "value": "35.157.97.38"
                }
            },
            "resources": {
                "aws_dynamodb_table.movements": {
                    "type": "aws_dynamodb_table",
                    "depends_on": [],
                    "primary": {
                        "id": "xpenses.dev.movements",
                        "attributes": {
                            "arn": "arn:aws:dynamodb:eu-central-1:576273734969:table/xpenses.dev.movements",
                            "attribute.#": "2",
                            "attribute.3746372547.name": "movement_id",
                            "attribute.3746372547.type": "S",
                            "attribute.665302509.name": "date",
                            "attribute.665302509.type": "S",
                            "global_secondary_index.#": "0",
                            "hash_key": "movement_id",
                            "id": "xpenses.dev.movements",
                            "local_secondary_index.#": "0",
                            "name": "xpenses.dev.movements",
                            "range_key": "date",
                            "read_capacity": "5",
                            "write_capacity": "5"
                        },
                        "meta": {},
                        "tainted": false
                    },
                    "deposed": [],
                    "provider": ""
                },
                "aws_instance.xpenses_host": {
                    "type": "aws_instance",
                    "depends_on": [
                        "aws_security_group.xpenses_host_sg"
                    ],
                    "primary": {
                        "id": "i-07a4e7f445be39634",
                        "attributes": {
                            "ami": "ami-211ada4e",
                            "associate_public_ip_address": "true",
                            "availability_zone": "eu-central-1b",
                            "disable_api_termination": "false",
                            "ebs_block_device.#": "0",
                            "ebs_optimized": "false",
                            "ephemeral_block_device.#": "0",
                            "iam_instance_profile": "",
                            "id": "i-07a4e7f445be39634",
                            "instance_state": "running",
                            "instance_type": "t2.micro",
                            "key_name": "matteo-free",
                            "monitoring": "false",
                            "network_interface_id": "eni-2377765c",
                            "private_dns": "ip-172-31-31-64.eu-central-1.compute.internal",
                            "private_ip": "172.31.31.64",
                            "public_dns": "ec2-35-157-97-38.eu-central-1.compute.amazonaws.com",
                            "public_ip": "35.157.97.38",
                            "root_block_device.#": "1",
                            "root_block_device.0.delete_on_termination": "true",
                            "root_block_device.0.iops": "100",
                            "root_block_device.0.volume_size": "8",
                            "root_block_device.0.volume_type": "gp2",
                            "security_groups.#": "0",
                            "source_dest_check": "true",
                            "subnet_id": "subnet-f7ec368d",
                            "tags.%": "1",
                            "tags.Name": "XPenses-dev",
                            "tenancy": "default",
                            "vpc_security_group_ids.#": "1",
                            "vpc_security_group_ids.109477798": "sg-4d0b1625"
                        },
                        "meta": {
                            "schema_version": "1"
                        },
                        "tainted": false
                    },
                    "deposed": [],
                    "provider": ""
                },
                "aws_s3_bucket.state_bucket": {
                    "type": "aws_s3_bucket",
                    "depends_on": [],
                    "primary": {
                        "id": "xpenses.tfstate",
                        "attributes": {
                            "acceleration_status": "",
                            "acl": "private",
                            "arn": "arn:aws:s3:::xpenses.tfstate",
                            "bucket": "xpenses.tfstate",
                            "force_destroy": "false",
                            "hosted_zone_id": "Z21DNDUVLTQW6Q",
                            "id": "xpenses.tfstate",
                            "region": "eu-central-1",
                            "request_payer": "BucketOwner",
                            "tags.%": "1",
                            "tags.Name": "Terraform State for xpenses",
                            "versioning.#": "1",
                            "versioning.0.enabled": "true",
                            "versioning.0.mfa_delete": "false",
                            "website.#": "0"
                        },
                        "meta": {},
                        "tainted": false
                    },
                    "deposed": [],
                    "provider": ""
                },
                "aws_security_group.xpenses_host_sg": {
                    "type": "aws_security_group",
                    "depends_on": [],
                    "primary": {
                        "id": "sg-4d0b1625",
                        "attributes": {
                            "description": "Managed by Terraform",
                            "egress.#": "1",
                            "egress.482069346.cidr_blocks.#": "1",
                            "egress.482069346.cidr_blocks.0": "0.0.0.0/0",
                            "egress.482069346.from_port": "0",
                            "egress.482069346.prefix_list_ids.#": "0",
                            "egress.482069346.protocol": "-1",
                            "egress.482069346.security_groups.#": "0",
                            "egress.482069346.self": "false",
                            "egress.482069346.to_port": "0",
                            "id": "sg-4d0b1625",
                            "ingress.#": "2",
                            "ingress.2541437006.cidr_blocks.#": "1",
                            "ingress.2541437006.cidr_blocks.0": "0.0.0.0/0",
                            "ingress.2541437006.from_port": "22",
                            "ingress.2541437006.protocol": "tcp",
                            "ingress.2541437006.security_groups.#": "0",
                            "ingress.2541437006.self": "false",
                            "ingress.2541437006.to_port": "22",
                            "ingress.3068409405.cidr_blocks.#": "1",
                            "ingress.3068409405.cidr_blocks.0": "0.0.0.0/0",
                            "ingress.3068409405.from_port": "8",
                            "ingress.3068409405.protocol": "icmp",
                            "ingress.3068409405.security_groups.#": "0",
                            "ingress.3068409405.self": "false",
                            "ingress.3068409405.to_port": "0",
                            "name": "terraform-00a0e0ff3129c270332e001bb4",
                            "owner_id": "576273734969",
                            "tags.%": "0",
                            "vpc_id": "vpc-7384541b"
                        },
                        "meta": {},
                        "tainted": false
                    },
                    "deposed": [],
                    "provider": ""
                }
            },
            "depends_on": []
        }
    ]
}
